<Solution>
    <Configurations>
        <Platform Name="Any CPU" />
    </Configurations>
    <Folder Name="/src/">
        <Project Path="src/AbpAdmin.Domain/AbpAdmin.Domain.csproj" />
        <Project Path="src/AbpAdmin.Application/AbpAdmin.Application.csproj" />
        <Project Path="src/AbpAdmin.EntityFrameworkCore/AbpAdmin.EntityFrameworkCore.csproj" />
        <!-- 自包含业务模块样板：一个工程，PostgreSQL / SQLite 脚本在模块 Sql/ 下 -->
        <Project Path="src/AbpAdmin.Biz.Template/AbpAdmin.Biz.Template.csproj" />
        <Project Path="src/AbpAdmin.Domain.Shared/AbpAdmin.Domain.Shared.csproj" />
        <Project Path="src/AbpAdmin.Application.Contracts/AbpAdmin.Application.Contracts.csproj" />
        <Project Path="src/AbpAdmin.HttpApi/AbpAdmin.HttpApi.csproj" />
        <Project Path="src/AbpAdmin.HttpApi.Client/AbpAdmin.HttpApi.Client.csproj" />
        <Project Path="src/AbpAdmin.HttpApi.Host/AbpAdmin.HttpApi.Host.csproj" />
        <Project Path="src/AbpAdmin.DbMigrator/AbpAdmin.DbMigrator.csproj" />
        <!-- T5：ES/ClickHouse 辅助存储 -->
        <Project Path="src/AbpAdmin.Elasticsearch/AbpAdmin.Elasticsearch.csproj" />
        <Project Path="src/AbpAdmin.ClickHouse/AbpAdmin.ClickHouse.csproj" />
    </Folder>
    <Folder Name="/test/">
        <Project Path="test/AbpAdmin.Application.Tests/AbpAdmin.Application.Tests.csproj" />
        <Project Path="test/AbpAdmin.EntityFrameworkCore.Tests/AbpAdmin.EntityFrameworkCore.Tests.csproj" />
        <Project Path="test/AbpAdmin.HttpApi.Host.Tests/AbpAdmin.HttpApi.Host.Tests.csproj" />
        <Project Path="test/AbpAdmin.TestBase/AbpAdmin.TestBase.csproj" />
        <Project Path="test/AbpAdmin.Domain.Tests/AbpAdmin.Domain.Tests.csproj" />
        <Project Path="test/AbpAdmin.HttpApi.Client.ConsoleTestApp/AbpAdmin.HttpApi.Client.ConsoleTestApp.csproj" />
        <!-- T5：存储基础设施测试(单测 + 真库集成) -->
        <Project Path="test/AbpAdmin.Storage.Tests/AbpAdmin.Storage.Tests.csproj" />
        <!-- 自包含业务模块样板的测试：随模块复制，下游改名后继承全部用例 -->
        <Project Path="test/AbpAdmin.Biz.Template.Tests/AbpAdmin.Biz.Template.Tests.csproj" />
    </Folder>
</Solution>